#
# This file is autogenerated by pip-compile with Python 3.14
# by the following command:
#
#    pip-compile --extra=dev --output-file=requirements-dev.lock pyproject.toml
#
annotated-types==0.7.0
    # via pydantic
anyio==4.13.0
    # via httpx
bandit==1.9.4
    # via precept (pyproject.toml)
boolean-py==5.0
    # via license-expression
build==1.4.3
    # via pip-tools
cachecontrol[filecache]==0.14.4
    # via
    #   cachecontrol
    #   pip-audit
certifi==2026.2.25
    # via
    #   httpcore
    #   httpx
    #   requests
cfgv==3.5.0
    # via pre-commit
charset-normalizer==3.4.7
    # via requests
click==8.3.2
    # via pip-tools
coverage[toml]==7.13.5
    # via pytest-cov
cyclonedx-python-lib==11.7.0
    # via pip-audit
defusedxml==0.7.1
    # via py-serializable
distlib==0.4.0
    # via virtualenv
filelock==3.29.0
    # via
    #   cachecontrol
    #   huggingface-hub
    #   python-discovery
    #   torch
    #   transformers
    #   virtualenv
fsspec==2026.4.0
    # via
    #   huggingface-hub
    #   torch
h11==0.16.0
    # via httpcore
hf-xet==1.5.0
    # via huggingface-hub
httpcore==1.0.9
    # via httpx
httpx==0.28.1
    # via
    #   langgraph-sdk
    #   langsmith
huggingface-hub==0.36.2
    # via
    #   sentence-transformers
    #   tokenizers
    #   transformers
hypothesis==6.152.1
    # via precept (pyproject.toml)
identify==2.6.19
    # via pre-commit
idna==3.12
    # via
    #   anyio
    #   httpx
    #   requests
iniconfig==2.3.0
    # via pytest
jinja2==3.1.6
    # via torch
joblib==1.5.3
    # via scikit-learn
jsonpatch==1.33
    # via langchain-core
jsonpointer==3.1.1
    # via jsonpatch
langchain-core==0.3.76
    # via
    #   langgraph
    #   langgraph-checkpoint
    #   langgraph-prebuilt
    #   precept (pyproject.toml)
langgraph==0.6.11
    # via precept (pyproject.toml)
langgraph-checkpoint==3.0.1
    # via
    #   langgraph
    #   langgraph-prebuilt
langgraph-prebuilt==0.6.5
    # via langgraph
langgraph-sdk==0.2.15
    # via langgraph
langsmith==0.8.5
    # via langchain-core
librt==0.9.0
    # via mypy
license-expression==30.4.4
    # via cyclonedx-python-lib
markdown-it-py==4.0.0
    # via rich
markupsafe==3.0.3
    # via jinja2
mdurl==0.1.2
    # via markdown-it-py
mpmath==1.3.0
    # via sympy
msgpack==1.1.2
    # via cachecontrol
mypy==1.20.2
    # via precept (pyproject.toml)
mypy-extensions==1.1.0
    # via mypy
networkx==3.6.1
    # via torch
nodeenv==1.10.0
    # via pre-commit
numpy==2.4.4
    # via
    #   precept (pyproject.toml)
    #   scikit-learn
    #   scipy
    #   transformers
orjson==3.11.9
    # via
    #   langgraph-sdk
    #   langsmith
ormsgpack==1.12.2
    # via langgraph-checkpoint
packageurl-python==0.17.6
    # via cyclonedx-python-lib
packaging==26.1
    # via
    #   build
    #   huggingface-hub
    #   langchain-core
    #   langsmith
    #   pip-audit
    #   pip-requirements-parser
    #   pytest
    #   transformers
    #   wheel
pathspec==1.0.4
    # via mypy
pillow==12.2.0
    # via sentence-transformers
pip-api==0.0.34
    # via pip-audit
pip-audit==2.10.0
    # via precept (pyproject.toml)
pip-requirements-parser==32.0.1
    # via pip-audit
pip-tools==7.5.3
    # via precept (pyproject.toml)
platformdirs==4.9.6
    # via
    #   pip-audit
    #   python-discovery
    #   virtualenv
pluggy==1.6.0
    # via pytest
pre-commit==4.5.1
    # via precept (pyproject.toml)
py-serializable==2.1.0
    # via cyclonedx-python-lib
pydantic==2.13.3
    # via
    #   langchain-core
    #   langgraph
    #   langsmith
    #   precept (pyproject.toml)
pydantic-core==2.46.3
    # via pydantic
pygments==2.20.0
    # via
    #   pytest
    #   rich
pyparsing==3.3.2
    # via pip-requirements-parser
pyproject-hooks==1.2.0
    # via
    #   build
    #   pip-tools
pytest==8.4.2
    # via
    #   precept (pyproject.toml)
    #   pytest-cov
pytest-cov==5.0.0
    # via precept (pyproject.toml)
python-discovery==1.2.2
    # via virtualenv
pyyaml==6.0.3
    # via
    #   bandit
    #   huggingface-hub
    #   langchain-core
    #   pre-commit
    #   precept (pyproject.toml)
    #   transformers
regex==2026.5.9
    # via transformers
requests==2.33.1
    # via
    #   cachecontrol
    #   huggingface-hub
    #   langsmith
    #   pip-audit
    #   requests-toolbelt
    #   transformers
requests-toolbelt==1.0.0
    # via langsmith
rich==15.0.0
    # via
    #   bandit
    #   pip-audit
ruff==0.15.11
    # via precept (pyproject.toml)
safetensors==0.7.0
    # via transformers
scikit-learn==1.8.0
    # via sentence-transformers
scipy==1.17.1
    # via
    #   scikit-learn
    #   sentence-transformers
sentence-transformers==3.4.1
    # via precept (pyproject.toml)
sortedcontainers==2.4.0
    # via
    #   cyclonedx-python-lib
    #   hypothesis
stevedore==5.7.0
    # via bandit
sympy==1.14.0
    # via torch
tenacity==9.1.4
    # via langchain-core
threadpoolctl==3.6.0
    # via scikit-learn
tokenizers==0.22.2
    # via transformers
tomli==2.4.1
    # via pip-audit
tomli-w==1.2.0
    # via pip-audit
torch==2.11.0
    # via sentence-transformers
tqdm==4.67.3
    # via
    #   huggingface-hub
    #   sentence-transformers
    #   transformers
transformers==4.57.6
    # via sentence-transformers
types-pyyaml==6.0.12.20260408
    # via precept (pyproject.toml)
typing-extensions==4.15.0
    # via
    #   huggingface-hub
    #   langchain-core
    #   mypy
    #   pydantic
    #   pydantic-core
    #   torch
    #   typing-inspection
typing-inspection==0.4.2
    # via pydantic
urllib3==2.6.3
    # via requests
uuid-utils==0.15.0
    # via langsmith
virtualenv==21.2.4
    # via pre-commit
wheel==0.46.3
    # via pip-tools
xxhash==3.7.0
    # via
    #   langgraph
    #   langsmith
zstandard==0.25.0
    # via langsmith

# The following packages are considered to be unsafe in a requirements file:
# pip
# setuptools
